dependencies:
  modbus-serial: 8.0.17
  serialport: 13.0.0
lockfileVersion: 5.1
packages:
  /@serialport/binding-mock/10.2.2:
    dependencies:
      '@serialport/bindings-interface': 1.2.2
      debug: 4.4.0
    dev: false
    engines:
      node: '>=12.0.0'
    resolution:
      integrity: sha512-HAFzGhk9OuFMpuor7aT5G1ChPgn5qSsklTFOTUX72Rl6p0xwcSVsRtG/xaGp6bxpN7fI9D/S8THLBWbBgS6ldw==
  /@serialport/bindings-cpp/12.0.1:
    dependencies:
      '@serialport/bindings-interface': 1.2.2
      '@serialport/parser-readline': 11.0.0
      debug: 4.3.4
      node-addon-api: 7.0.0
      node-gyp-build: 4.6.0
    dev: false
    engines:
      node: '>=16.0.0'
    requiresBuild: true
    resolution:
      integrity: sha512-r2XOwY2dDvbW7dKqSPIk2gzsr6M6Qpe9+/Ngs94fNaNlcTRCV02PfaoDmRgcubpNVVcLATlxSxPTIDw12dbKOg==
  /@serialport/bindings-cpp/13.0.0:
    dependencies:
      '@serialport/bindings-interface': 1.2.2
      '@serialport/parser-readline': 12.0.0
      debug: 4.4.0
      node-addon-api: 8.3.0
      node-gyp-build: 4.8.4
    dev: false
    engines:
      node: '>=18.0.0'
    requiresBuild: true
    resolution:
      integrity: sha512-r25o4Bk/vaO1LyUfY/ulR6hCg/aWiN6Wo2ljVlb4Pj5bqWGcSRC4Vse4a9AcapuAu/FeBzHCbKMvRQeCuKjzIQ==
  /@serialport/bindings-interface/1.2.2:
    dev: false
    engines:
      node: ^12.22 || ^14.13 || >=16
    resolution:
      integrity: sha512-CJaUd5bLvtM9c5dmO9rPBHPXTa9R2UwpkJ0wdh9JCYcbrPWsKz+ErvR0hBLeo7NPeiFdjFO4sonRljiw4d2XiA==
  /@serialport/parser-byte-length/12.0.0:
    dev: false
    engines:
      node: '>=12.0.0'
    resolution:
      integrity: sha512-0ei0txFAj+s6FTiCJFBJ1T2hpKkX8Md0Pu6dqMrYoirjPskDLJRgZGLqoy3/lnU1bkvHpnJO+9oJ3PB9v8rNlg==
  /@serialport/parser-byte-length/13.0.0:
    dev: false
    engines:
      node: '>=20.0.0'
    resolution:
      integrity: sha512-32yvqeTAqJzAEtX5zCrN1Mej56GJ5h/cVFsCDPbF9S1ZSC9FWjOqNAgtByseHfFTSTs/4ZBQZZcZBpolt8sUng==
  /@serialport/parser-cctalk/12.0.0:
    dev: false
    engines:
      node: '>=12.0.0'
    resolution:
      integrity: sha512-0PfLzO9t2X5ufKuBO34DQKLXrCCqS9xz2D0pfuaLNeTkyGUBv426zxoMf3rsMRodDOZNbFblu3Ae84MOQXjnZw==
  /@serialport/parser-cctalk/13.0.0:
    dev: false
    engines:
      node: '>=20.0.0'
    resolution:
      integrity: sha512-RErAe57g9gvnlieVYGIn1xymb1bzNXb2QtUQd14FpmbQQYlcrmuRnJwKa1BgTCujoCkhtaTtgHlbBWOxm8U2uA==
  /@serialport/parser-delimiter/11.0.0:
    dev: false
    engines:
      node: '>=12.0.0'
    resolution:
      integrity: sha512-aZLJhlRTjSmEwllLG7S4J8s8ctRAS0cbvCpO87smLvl3e4BgzbVgF6Z6zaJd3Aji2uSiYgfedCdNc4L6W+1E2g==
  /@serialport/parser-delimiter/12.0.0:
    dev: false
    engines:
      node: '>=12.0.0'
    resolution:
      integrity: sha512-gu26tVt5lQoybhorLTPsH2j2LnX3AOP2x/34+DUSTNaUTzu2fBXw+isVjQJpUBFWu6aeQRZw5bJol5X9Gxjblw==
  /@serialport/parser-delimiter/13.0.0:
    dev: false
    engines:
      node: '>=20.0.0'
    resolution:
      integrity: sha512-Qqyb0FX1avs3XabQqNaZSivyVbl/yl0jywImp7ePvfZKLwx7jBZjvL+Hawt9wIG6tfq6zbFM24vzCCK7REMUig==
  /@serialport/parser-inter-byte-timeout/12.0.0:
    dev: false
    engines:
      node: '>=12.0.0'
    resolution:
      integrity: sha512-GnCh8K0NAESfhCuXAt+FfBRz1Cf9CzIgXfp7SdMgXwrtuUnCC/yuRTUFWRvuzhYKoAo1TL0hhUo77SFHUH1T/w==
  /@serialport/parser-inter-byte-timeout/13.0.0:
    dev: false
    engines:
      node: '>=20.0.0'
    resolution:
      integrity: sha512-a0w0WecTW7bD2YHWrpTz1uyiWA2fDNym0kjmPeNSwZ2XCP+JbirZt31l43m2ey6qXItTYVuQBthm75sPVeHnGA==
  /@serialport/parser-packet-length/12.0.0:
    dev: false
    engines:
      node: '>=8.6.0'
    resolution:
      integrity: sha512-p1hiCRqvGHHLCN/8ZiPUY/G0zrxd7gtZs251n+cfNTn+87rwcdUeu9Dps3Aadx30/sOGGFL6brIRGK4l/t7MuQ==
  /@serialport/parser-packet-length/13.0.0:
    dev: false
    engines:
      node: '>=8.6.0'
    resolution:
      integrity: sha512-60ZDDIqYRi0Xs2SPZUo4Jr5LLIjtb+rvzPKMJCohrO6tAqSDponcNpcB1O4W21mKTxYjqInSz+eMrtk0LLfZIg==
  /@serialport/parser-readline/11.0.0:
    dependencies:
      '@serialport/parser-delimiter': 11.0.0
    dev: false
    engines:
      node: '>=12.0.0'
    resolution:
      integrity: sha512-rRAivhRkT3YO28WjmmG4FQX6L+KMb5/ikhyylRfzWPw0nSXy97+u07peS9CbHqaNvJkMhH1locp2H36aGMOEIA==
  /@serialport/parser-readline/12.0.0:
    dependencies:
      '@serialport/parser-delimiter': 12.0.0
    dev: false
    engines:
      node: '>=12.0.0'
    resolution:
      integrity: sha512-O7cywCWC8PiOMvo/gglEBfAkLjp/SENEML46BXDykfKP5mTPM46XMaX1L0waWU6DXJpBgjaL7+yX6VriVPbN4w==
  /@serialport/parser-readline/13.0.0:
    dependencies:
      '@serialport/parser-delimiter': 13.0.0
    dev: false
    engines:
      node: '>=20.0.0'
    resolution:
      integrity: sha512-dov3zYoyf0dt1Sudd1q42VVYQ4WlliF0MYvAMA3MOyiU1IeG4hl0J6buBA2w4gl3DOCC05tGgLDN/3yIL81gsA==
  /@serialport/parser-ready/12.0.0:
    dev: false
    engines:
      node: '>=12.0.0'
    resolution:
      integrity: sha512-ygDwj3O4SDpZlbrRUraoXIoIqb8sM7aMKryGjYTIF0JRnKeB1ys8+wIp0RFMdFbO62YriUDextHB5Um5cKFSWg==
  /@serialport/parser-ready/13.0.0:
    dev: false
    engines:
      node: '>=20.0.0'
    resolution:
      integrity: sha512-JNUQA+y2Rfs4bU+cGYNqOPnNMAcayhhW+XJZihSLQXOHcZsFnOa2F9YtMg9VXRWIcnHldHYtisp62Etjlw24bw==
  /@serialport/parser-regex/12.0.0:
    dev: false
    engines:
      node: '>=12.0.0'
    resolution:
      integrity: sha512-dCAVh4P/pZrLcPv9NJ2mvPRBg64L5jXuiRxIlyxxdZGH4WubwXVXY/kBTihQmiAMPxbT3yshSX8f2+feqWsxqA==
  /@serialport/parser-regex/13.0.0:
    dev: false
    engines:
      node: '>=20.0.0'
    resolution:
      integrity: sha512-m7HpIf56G5XcuDdA3DB34Z0pJiwxNRakThEHjSa4mG05OnWYv0IG8l2oUyYfuGMowQWaVnQ+8r+brlPxGVH+eA==
  /@serialport/parser-slip-encoder/12.0.0:
    dev: false
    engines:
      node: '>=12.0.0'
    resolution:
      integrity: sha512-0APxDGR9YvJXTRfY+uRGhzOhTpU5akSH183RUcwzN7QXh8/1jwFsFLCu0grmAUfi+fItCkR+Xr1TcNJLR13VNA==
  /@serialport/parser-slip-encoder/13.0.0:
    dev: false
    engines:
      node: '>=20.0.0'
    resolution:
      integrity: sha512-fUHZEExm6izJ7rg0A1yjXwu4sOzeBkPAjDZPfb+XQoqgtKAk+s+HfICiYn7N2QU9gyaeCO8VKgWwi+b/DowYOg==
  /@serialport/parser-spacepacket/12.0.0:
    dev: false
    engines:
      node: '>=12.0.0'
    resolution:
      integrity: sha512-dozONxhPC/78pntuxpz/NOtVps8qIc/UZzdc/LuPvVsqCoJXiRxOg6ZtCP/W58iibJDKPZPAWPGYeZt9DJxI+Q==
  /@serialport/parser-spacepacket/13.0.0:
    dev: false
    engines:
      node: '>=20.0.0'
    resolution:
      integrity: sha512-DoXJ3mFYmyD8X/8931agJvrBPxqTaYDsPoly9/cwQSeh/q4EjQND9ySXBxpWz5WcpyCU4jOuusqCSAPsbB30Eg==
  /@serialport/stream/12.0.0:
    dependencies:
      '@serialport/bindings-interface': 1.2.2
      debug: 4.3.4
    dev: false
    engines:
      node: '>=12.0.0'
    resolution:
      integrity: sha512-9On64rhzuqKdOQyiYLYv2lQOh3TZU/D3+IWCR5gk0alPel2nwpp4YwDEGiUBfrQZEdQ6xww0PWkzqth4wqwX3Q==
  /@serialport/stream/13.0.0:
    dependencies:
      '@serialport/bindings-interface': 1.2.2
      debug: 4.4.0
    dev: false
    engines:
      node: '>=20.0.0'
    resolution:
      integrity: sha512-F7xLJKsjGo2WuEWMSEO1SimRcOA+WtWICsY13r0ahx8s2SecPQH06338g28OT7cW7uRXI7oEQAk62qh5gHJW3g==
  /debug/4.3.4:
    dependencies:
      ms: 2.1.2
    dev: false
    engines:
      node: '>=6.0'
    peerDependencies:
      supports-color: '*'
    peerDependenciesMeta:
      supports-color:
        optional: true
    resolution:
      integrity: sha512-PRWFHuSU3eDtQJPvnNY7Jcket1j0t5OuOsFzPPzsekD52Zl8qUfFIPEiswXqIvHWGVHOgX+7G/vCNNhehwxfkQ==
  /debug/4.4.0:
    dependencies:
      ms: 2.1.3
    dev: false
    engines:
      node: '>=6.0'
    peerDependencies:
      supports-color: '*'
    peerDependenciesMeta:
      supports-color:
        optional: true
    resolution:
      integrity: sha512-6WTZ/IxCY/T6BALoZHaE4ctp9xm+Z5kY/pzYaCHRFeyVhojxlrm+46y68HA6hr0TcwEssoxNiDEUJQjfPZ/RYA==
  /modbus-serial/8.0.17:
    dependencies:
      debug: 4.4.0
      serialport: 12.0.0
    dev: false
    resolution:
      integrity: sha512-1lCNpCY72wTgGnnBzv9O3ZfbKeHl9zZTgVuMgp2mEqFErEZC7p3I0CGpzfQ4XPHT0Aqz+qXhpkGew8WK57SwvQ==
  /ms/2.1.2:
    dev: false
    resolution:
      integrity: sha512-sGkPx+VjMtmA6MX27oA4FBFELFCZZ4S4XqeGOXCv68tT+jb3vk/RyaKWP0PTKyWtmLSM0b+adUTEvbs1PEaH2w==
  /ms/2.1.3:
    dev: false
    resolution:
      integrity: sha512-6FlzubTLZG3J2a/NVCAleEhjzq5oxgHyaCU9yYXvcLsvoVaHJq/s5xXI6/XXP6tz7R9xAOtHnSO/tXtF3WRTlA==
  /node-addon-api/7.0.0:
    dev: false
    resolution:
      integrity: sha512-vgbBJTS4m5/KkE16t5Ly0WW9hz46swAstv0hYYwMtbG7AznRhNyfLRe8HZAiWIpcHzoO7HxhLuBQj9rJ/Ho0ZA==
  /node-addon-api/8.3.0:
    dev: false
    engines:
      node: ^18 || ^20 || >= 21
    resolution:
      integrity: sha512-8VOpLHFrOQlAH+qA0ZzuGRlALRA6/LVh8QJldbrC4DY0hXoMP0l4Acq8TzFC018HztWiRqyCEj2aTWY2UvnJUg==
  /node-gyp-build/4.6.0:
    dev: false
    hasBin: true
    resolution:
      integrity: sha512-NTZVKn9IylLwUzaKjkas1e4u2DLNcV4rdYagA4PWdPwW87Bi7z+BznyKSRwS/761tV/lzCGXplWsiaMjLqP2zQ==
  /node-gyp-build/4.8.4:
    dev: false
    hasBin: true
    resolution:
      integrity: sha512-LA4ZjwlnUblHVgq0oBF3Jl/6h/Nvs5fzBLwdEF4nuxnFdsfajde4WfxtJr3CaiH+F6ewcIB/q4jQ4UzPyid+CQ==
  /serialport/12.0.0:
    dependencies:
      '@serialport/binding-mock': 10.2.2
      '@serialport/bindings-cpp': 12.0.1
      '@serialport/parser-byte-length': 12.0.0
      '@serialport/parser-cctalk': 12.0.0
      '@serialport/parser-delimiter': 12.0.0
      '@serialport/parser-inter-byte-timeout': 12.0.0
      '@serialport/parser-packet-length': 12.0.0
      '@serialport/parser-readline': 12.0.0
      '@serialport/parser-ready': 12.0.0
      '@serialport/parser-regex': 12.0.0
      '@serialport/parser-slip-encoder': 12.0.0
      '@serialport/parser-spacepacket': 12.0.0
      '@serialport/stream': 12.0.0
      debug: 4.3.4
    dev: false
    engines:
      node: '>=16.0.0'
    resolution:
      integrity: sha512-AmH3D9hHPFmnF/oq/rvigfiAouAKyK/TjnrkwZRYSFZxNggJxwvbAbfYrLeuvq7ktUdhuHdVdSjj852Z55R+uA==
  /serialport/13.0.0:
    dependencies:
      '@serialport/binding-mock': 10.2.2
      '@serialport/bindings-cpp': 13.0.0
      '@serialport/parser-byte-length': 13.0.0
      '@serialport/parser-cctalk': 13.0.0
      '@serialport/parser-delimiter': 13.0.0
      '@serialport/parser-inter-byte-timeout': 13.0.0
      '@serialport/parser-packet-length': 13.0.0
      '@serialport/parser-readline': 13.0.0
      '@serialport/parser-ready': 13.0.0
      '@serialport/parser-regex': 13.0.0
      '@serialport/parser-slip-encoder': 13.0.0
      '@serialport/parser-spacepacket': 13.0.0
      '@serialport/stream': 13.0.0
      debug: 4.4.0
    dev: false
    engines:
      node: '>=20.0.0'
    resolution:
      integrity: sha512-PHpnTd8isMGPfFTZNCzOZp9m4mAJSNWle9Jxu6BPTcWq7YXl5qN7tp8Sgn0h+WIGcD6JFz5QDgixC2s4VW7vzg==
specifiers:
  modbus-serial: ^8.0.5
  serialport: ^13
